// !$*UTF8*$!
{
	archiveVersion = 1;
	classes = {
	};
	objectVersion = 46;
	objects = {

/* Begin PBXBuildFile section */
		3A1237A215A7067500E404EA /* UIViewAdditions.m in Sources */ = {isa = PBXBuildFile; fileRef = 3A12379F15A7067500E404EA /* UIViewAdditions.m */; };
		3A1237A315A7067500E404EA /* UIImageAdditions.m in Sources */ = {isa = PBXBuildFile; fileRef = 3A1237A115A7067500E404EA /* UIImageAdditions.m */; };
		3A1237A715A7068B00E404EA /* AngleUtil.m in Sources */ = {isa = PBXBuildFile; fileRef = 3A1237A615A7068B00E404EA /* AngleUtil.m */; };
		3A1D0CBD15A70BB2003BAC0F /* main.m in Sources */ = {isa = PBXBuildFile; fileRef = B25D3CF01599171B00428A79 /* main.m */; };
		3A1D0CC015A70BB2003BAC0F /* GLViewController.m in Sources */ = {isa = PBXBuildFile; fileRef = B25D3D5715991DA000428A79 /* GLViewController.m */; };
		3A1D0CE615A70BB2003BAC0F /* UIViewAdditions.m in Sources */ = {isa = PBXBuildFile; fileRef = 3A12379F15A7067500E404EA /* UIViewAdditions.m */; };
		3A1D0CE715A70BB2003BAC0F /* UIImageAdditions.m in Sources */ = {isa = PBXBuildFile; fileRef = 3A1237A115A7067500E404EA /* UIImageAdditions.m */; };
		3A1D0CE815A70BB2003BAC0F /* AngleUtil.m in Sources */ = {isa = PBXBuildFile; fileRef = 3A1237A615A7068B00E404EA /* AngleUtil.m */; };
		3A1D0CEA15A70BB2003BAC0F /* CoreVideo.framework in Frameworks */ = {isa = PBXBuildFile; fileRef = B25D3D541599178600428A79 /* CoreVideo.framework */; };
		3A1D0CEB15A70BB2003BAC0F /* OpenGLES.framework in Frameworks */ = {isa = PBXBuildFile; fileRef = B25D3D521599176D00428A79 /* OpenGLES.framework */; };
		3A1D0CEC15A70BB2003BAC0F /* QuartzCore.framework in Frameworks */ = {isa = PBXBuildFile; fileRef = B25D3D501599176900428A79 /* QuartzCore.framework */; };
		3A1D0CED15A70BB2003BAC0F /* UIKit.framework in Frameworks */ = {isa = PBXBuildFile; fileRef = B25D3CE41599171B00428A79 /* UIKit.framework */; };
		3A1D0CEE15A70BB2003BAC0F /* Foundation.framework in Frameworks */ = {isa = PBXBuildFile; fileRef = B25D3CE61599171B00428A79 /* Foundation.framework */; };
		3A1D0CEF15A70BB2003BAC0F /* CoreGraphics.framework in Frameworks */ = {isa = PBXBuildFile; fileRef = B25D3CE81599171B00428A79 /* CoreGraphics.framework */; };
		3A1D0CF115A70BB2003BAC0F /* InfoPlist.strings in Resources */ = {isa = PBXBuildFile; fileRef = B25D3CED1599171B00428A79 /* InfoPlist.strings */; };
		3A1D0CF315A70BB2003BAC0F /* sVertexLighting.fsh in Resources */ = {isa = PBXBuildFile; fileRef = B25D3D8215992B4D00428A79 /* sVertexLighting.fsh */; };
		3A1D0CF415A70BB2003BAC0F /* sVertexLighting.vsh in Resources */ = {isa = PBXBuildFile; fileRef = B25D3D8315992B4D00428A79 /* sVertexLighting.vsh */; };
		3A1D0CF515A70BB2003BAC0F /* sFragmentLighting.fsh in Resources */ = {isa = PBXBuildFile; fileRef = B25D2E5C1599CF4A004CA9DE /* sFragmentLighting.fsh */; };
		3A1D0CF615A70BB2003BAC0F /* sFragmentLighting.vsh in Resources */ = {isa = PBXBuildFile; fileRef = B25D2E5D1599CF4A004CA9DE /* sFragmentLighting.vsh */; };
		3A1D0CFE15A70BE0003BAC0F /* sBumpSphere.fsh in Resources */ = {isa = PBXBuildFile; fileRef = 3A1237A915A706A500E404EA /* sBumpSphere.fsh */; };
		3A1D0CFF15A70BE2003BAC0F /* sBumpSphere.vsh in Resources */ = {isa = PBXBuildFile; fileRef = 3A1237AA15A706A500E404EA /* sBumpSphere.vsh */; };
		3A1D0D0015A70BF4003BAC0F /* BumpSphereAppDelegate.h in Sources */ = {isa = PBXBuildFile; fileRef = 3A1237AD15A706B200E404EA /* BumpSphereAppDelegate.h */; };
		3A1D0D0115A70BF6003BAC0F /* BumpSphereAppDelegate.m in Sources */ = {isa = PBXBuildFile; fileRef = 3A1237AE15A706B200E404EA /* BumpSphereAppDelegate.m */; };
		3A1D0D0215A70BF8003BAC0F /* SphereViewController.h in Sources */ = {isa = PBXBuildFile; fileRef = 3A1237B015A7070C00E404EA /* SphereViewController.h */; };
		3A1D0D0315A70BFA003BAC0F /* SphereViewController.m in Sources */ = {isa = PBXBuildFile; fileRef = 3A1237B115A7070C00E404EA /* SphereViewController.m */; };
		3A1D0D0415A70BFB003BAC0F /* SphereNode.h in Sources */ = {isa = PBXBuildFile; fileRef = 3A1237B515A7071700E404EA /* SphereNode.h */; };
		3A1D0D0515A70BFD003BAC0F /* SphereNode.m in Sources */ = {isa = PBXBuildFile; fileRef = 3A1237B615A7071700E404EA /* SphereNode.m */; };
		3A1D0D0615A70C05003BAC0F /* SphereViewController.xib in Resources */ = {isa = PBXBuildFile; fileRef = 3A1237B215A7070C00E404EA /* SphereViewController.xib */; };
		3A5564D715A70E7D005B03F4 /* CC3Foundation.m in Sources */ = {isa = PBXBuildFile; fileRef = 3A55649415A70E7D005B03F4 /* CC3Foundation.m */; };
		3A5564D815A70E7D005B03F4 /* CC3Foundation.m in Sources */ = {isa = PBXBuildFile; fileRef = 3A55649415A70E7D005B03F4 /* CC3Foundation.m */; };
		3A5564D915A70E7D005B03F4 /* CC3GLMatrix.m in Sources */ = {isa = PBXBuildFile; fileRef = 3A55649615A70E7D005B03F4 /* CC3GLMatrix.m */; };
		3A5564DA15A70E7D005B03F4 /* CC3GLMatrix.m in Sources */ = {isa = PBXBuildFile; fileRef = 3A55649615A70E7D005B03F4 /* CC3GLMatrix.m */; };
		3A5564DB15A70E7D005B03F4 /* CC3Kazmath.c in Sources */ = {isa = PBXBuildFile; fileRef = 3A55649715A70E7D005B03F4 /* CC3Kazmath.c */; };
		3A5564DC15A70E7D005B03F4 /* CC3Kazmath.c in Sources */ = {isa = PBXBuildFile; fileRef = 3A55649715A70E7D005B03F4 /* CC3Kazmath.c */; };
		3A5564DD15A70E7D005B03F4 /* CC3Math.m in Sources */ = {isa = PBXBuildFile; fileRef = 3A55649B15A70E7D005B03F4 /* CC3Math.m */; };
		3A5564DE15A70E7D005B03F4 /* CC3Math.m in Sources */ = {isa = PBXBuildFile; fileRef = 3A55649B15A70E7D005B03F4 /* CC3Math.m */; };
		3A5564DF15A70E7D005B03F4 /* NSValue+CC3Types.m in Sources */ = {isa = PBXBuildFile; fileRef = 3A55649F15A70E7D005B03F4 /* NSValue+CC3Types.m */; };
		3A5564E015A70E7D005B03F4 /* NSValue+CC3Types.m in Sources */ = {isa = PBXBuildFile; fileRef = 3A55649F15A70E7D005B03F4 /* NSValue+CC3Types.m */; };
		3A5564E115A70E7D005B03F4 /* REBuffer.m in Sources */ = {isa = PBXBuildFile; fileRef = 3A5564A115A70E7D005B03F4 /* REBuffer.m */; };
		3A5564E215A70E7D005B03F4 /* REBuffer.m in Sources */ = {isa = PBXBuildFile; fileRef = 3A5564A115A70E7D005B03F4 /* REBuffer.m */; };
		3A5564E315A70E7D005B03F4 /* RECache.m in Sources */ = {isa = PBXBuildFile; fileRef = 3A5564A315A70E7D005B03F4 /* RECache.m */; };
		3A5564E415A70E7D005B03F4 /* RECache.m in Sources */ = {isa = PBXBuildFile; fileRef = 3A5564A315A70E7D005B03F4 /* RECache.m */; };
		3A5564E515A70E7D005B03F4 /* RECamera.m in Sources */ = {isa = PBXBuildFile; fileRef = 3A5564A515A70E7D005B03F4 /* RECamera.m */; };
		3A5564E615A70E7D005B03F4 /* RECamera.m in Sources */ = {isa = PBXBuildFile; fileRef = 3A5564A515A70E7D005B03F4 /* RECamera.m */; };
		3A5564E715A70E7D005B03F4 /* REDirector.m in Sources */ = {isa = PBXBuildFile; fileRef = 3A5564A715A70E7D005B03F4 /* REDirector.m */; };
		3A5564E815A70E7D005B03F4 /* REDirector.m in Sources */ = {isa = PBXBuildFile; fileRef = 3A5564A715A70E7D005B03F4 /* REDirector.m */; };
		3A5564E915A70E7D005B03F4 /* REGLStateManager.m in Sources */ = {isa = PBXBuildFile; fileRef = 3A5564A915A70E7D005B03F4 /* REGLStateManager.m */; };
		3A5564EA15A70E7D005B03F4 /* REGLStateManager.m in Sources */ = {isa = PBXBuildFile; fileRef = 3A5564A915A70E7D005B03F4 /* REGLStateManager.m */; };
		3A5564EB15A70E7D005B03F4 /* REGLTypes.m in Sources */ = {isa = PBXBuildFile; fileRef = 3A5564AB15A70E7D005B03F4 /* REGLTypes.m */; };
		3A5564EC15A70E7D005B03F4 /* REGLTypes.m in Sources */ = {isa = PBXBuildFile; fileRef = 3A5564AB15A70E7D005B03F4 /* REGLTypes.m */; };
		3A5564ED15A70E7D005B03F4 /* REGLView.m in Sources */ = {isa = PBXBuildFile; fileRef = 3A5564AD15A70E7D005B03F4 /* REGLView.m */; };
		3A5564EE15A70E7D005B03F4 /* REGLView.m in Sources */ = {isa = PBXBuildFile; fileRef = 3A5564AD15A70E7D005B03F4 /* REGLView.m */; };
		3A5564EF15A70E7D005B03F4 /* REKeyframedMeshNode.m in Sources */ = {isa = PBXBuildFile; fileRef = 3A5564AF15A70E7D005B03F4 /* REKeyframedMeshNode.m */; };
		3A5564F015A70E7D005B03F4 /* REKeyframedMeshNode.m in Sources */ = {isa = PBXBuildFile; fileRef = 3A5564AF15A70E7D005B03F4 /* REKeyframedMeshNode.m */; };
		3A5564F115A70E7D005B03F4 /* RELight.m in Sources */ = {isa = PBXBuildFile; fileRef = 3A5564B115A70E7D005B03F4 /* RELight.m */; };
		3A5564F215A70E7D005B03F4 /* RELight.m in Sources */ = {isa = PBXBuildFile; fileRef = 3A5564B115A70E7D005B03F4 /* RELight.m */; };
		3A5564F315A70E7D005B03F4 /* REMaterial.m in Sources */ = {isa = PBXBuildFile; fileRef = 3A5564B315A70E7D005B03F4 /* REMaterial.m */; };
		3A5564F415A70E7D005B03F4 /* REMaterial.m in Sources */ = {isa = PBXBuildFile; fileRef = 3A5564B315A70E7D005B03F4 /* REMaterial.m */; };
		3A5564F515A70E7D005B03F4 /* RENode.m in Sources */ = {isa = PBXBuildFile; fileRef = 3A5564B615A70E7D005B03F4 /* RENode.m */; };
		3A5564F615A70E7D005B03F4 /* RENode.m in Sources */ = {isa = PBXBuildFile; fileRef = 3A5564B615A70E7D005B03F4 /* RENode.m */; };
		3A5564F715A70E7D005B03F4 /* RENSArrayAdditions.m in Sources */ = {isa = PBXBuildFile; fileRef = 3A5564B815A70E7D005B03F4 /* RENSArrayAdditions.m */; };
		3A5564F815A70E7D005B03F4 /* RENSArrayAdditions.m in Sources */ = {isa = PBXBuildFile; fileRef = 3A5564B815A70E7D005B03F4 /* RENSArrayAdditions.m */; };
		3A5564F915A70E7D005B03F4 /* RENSValueAdditions.m in Sources */ = {isa = PBXBuildFile; fileRef = 3A5564BA15A70E7D005B03F4 /* RENSValueAdditions.m */; };
		3A5564FA15A70E7D005B03F4 /* RENSValueAdditions.m in Sources */ = {isa = PBXBuildFile; fileRef = 3A5564BA15A70E7D005B03F4 /* RENSValueAdditions.m */; };
		3A5564FB15A70E7D005B03F4 /* REProgram.m in Sources */ = {isa = PBXBuildFile; fileRef = 3A5564BC15A70E7D005B03F4 /* REProgram.m */; };
		3A5564FC15A70E7D005B03F4 /* REProgram.m in Sources */ = {isa = PBXBuildFile; fileRef = 3A5564BC15A70E7D005B03F4 /* REProgram.m */; };
		3A5564FD15A70E7D005B03F4 /* RERotator.m in Sources */ = {isa = PBXBuildFile; fileRef = 3A5564BE15A70E7D005B03F4 /* RERotator.m */; };
		3A5564FE15A70E7D005B03F4 /* RERotator.m in Sources */ = {isa = PBXBuildFile; fileRef = 3A5564BE15A70E7D005B03F4 /* RERotator.m */; };
		3A5564FF15A70E7D005B03F4 /* REScene.m in Sources */ = {isa = PBXBuildFile; fileRef = 3A5564C015A70E7D005B03F4 /* REScene.m */; };
		3A55650015A70E7D005B03F4 /* REScene.m in Sources */ = {isa = PBXBuildFile; fileRef = 3A5564C015A70E7D005B03F4 /* REScene.m */; };
		3A55650115A70E7D005B03F4 /* REScheduler.m in Sources */ = {isa = PBXBuildFile; fileRef = 3A5564C215A70E7D005B03F4 /* REScheduler.m */; };
		3A55650215A70E7D005B03F4 /* REScheduler.m in Sources */ = {isa = PBXBuildFile; fileRef = 3A5564C215A70E7D005B03F4 /* REScheduler.m */; };
		3A55650315A70E7D005B03F4 /* REShader.m in Sources */ = {isa = PBXBuildFile; fileRef = 3A5564C415A70E7D005B03F4 /* REShader.m */; };
		3A55650415A70E7D005B03F4 /* REShader.m in Sources */ = {isa = PBXBuildFile; fileRef = 3A5564C415A70E7D005B03F4 /* REShader.m */; };
		3A55650515A70E7D005B03F4 /* RESprite.m in Sources */ = {isa = PBXBuildFile; fileRef = 3A5564C615A70E7D005B03F4 /* RESprite.m */; };
		3A55650615A70E7D005B03F4 /* RESprite.m in Sources */ = {isa = PBXBuildFile; fileRef = 3A5564C615A70E7D005B03F4 /* RESprite.m */; };
		3A55650715A70E7D005B03F4 /* RESpriteBatchNode.m in Sources */ = {isa = PBXBuildFile; fileRef = 3A5564C815A70E7D005B03F4 /* RESpriteBatchNode.m */; };
		3A55650815A70E7D005B03F4 /* RESpriteBatchNode.m in Sources */ = {isa = PBXBuildFile; fileRef = 3A5564C815A70E7D005B03F4 /* RESpriteBatchNode.m */; };
		3A55650915A70E7D005B03F4 /* RETexture.m in Sources */ = {isa = PBXBuildFile; fileRef = 3A5564CA15A70E7D005B03F4 /* RETexture.m */; };
		3A55650A15A70E7D005B03F4 /* RETexture.m in Sources */ = {isa = PBXBuildFile; fileRef = 3A5564CA15A70E7D005B03F4 /* RETexture.m */; };
		3A55650B15A70E7D005B03F4 /* REVertexArrayObject.m in Sources */ = {isa = PBXBuildFile; fileRef = 3A5564CC15A70E7D005B03F4 /* REVertexArrayObject.m */; };
		3A55650C15A70E7D005B03F4 /* REVertexArrayObject.m in Sources */ = {isa = PBXBuildFile; fileRef = 3A5564CC15A70E7D005B03F4 /* REVertexArrayObject.m */; };
		3A55650D15A70E7D005B03F4 /* REWavefrontMesh.m in Sources */ = {isa = PBXBuildFile; fileRef = 3A5564CE15A70E7D005B03F4 /* REWavefrontMesh.m */; };
		3A55650E15A70E7D005B03F4 /* REWavefrontMesh.m in Sources */ = {isa = PBXBuildFile; fileRef = 3A5564CE15A70E7D005B03F4 /* REWavefrontMesh.m */; };
		3A55650F15A70E7D005B03F4 /* REWavefrontMeshElementIndexBatch.m in Sources */ = {isa = PBXBuildFile; fileRef = 3A5564D015A70E7D005B03F4 /* REWavefrontMeshElementIndexBatch.m */; };
		3A55651015A70E7D005B03F4 /* REWavefrontMeshElementIndexBatch.m in Sources */ = {isa = PBXBuildFile; fileRef = 3A5564D015A70E7D005B03F4 /* REWavefrontMeshElementIndexBatch.m */; };
		3A55651115A70E7D005B03F4 /* REWavefrontMeshGroupNode.m in Sources */ = {isa = PBXBuildFile; fileRef = 3A5564D215A70E7D005B03F4 /* REWavefrontMeshGroupNode.m */; };
		3A55651215A70E7D005B03F4 /* REWavefrontMeshGroupNode.m in Sources */ = {isa = PBXBuildFile; fileRef = 3A5564D215A70E7D005B03F4 /* REWavefrontMeshGroupNode.m */; };
		3A55651315A70E7D005B03F4 /* REWavefrontMeshNode.m in Sources */ = {isa = PBXBuildFile; fileRef = 3A5564D415A70E7D005B03F4 /* REWavefrontMeshNode.m */; };
		3A55651415A70E7D005B03F4 /* REWavefrontMeshNode.m in Sources */ = {isa = PBXBuildFile; fileRef = 3A5564D415A70E7D005B03F4 /* REWavefrontMeshNode.m */; };
		3A55651515A70E7D005B03F4 /* REWorld.m in Sources */ = {isa = PBXBuildFile; fileRef = 3A5564D615A70E7D005B03F4 /* REWorld.m */; };
		3A55651615A70E7D005B03F4 /* REWorld.m in Sources */ = {isa = PBXBuildFile; fileRef = 3A5564D615A70E7D005B03F4 /* REWorld.m */; };
		3A55651C15A70E8B005B03F4 /* sRESprite.fsh in Sources */ = {isa = PBXBuildFile; fileRef = 3A55651815A70E8B005B03F4 /* sRESprite.fsh */; };
		3A55651D15A70E8B005B03F4 /* sRESprite.fsh in Sources */ = {isa = PBXBuildFile; fileRef = 3A55651815A70E8B005B03F4 /* sRESprite.fsh */; };
		3A55651E15A70E8B005B03F4 /* sRESprite.vsh in Sources */ = {isa = PBXBuildFile; fileRef = 3A55651915A70E8B005B03F4 /* sRESprite.vsh */; };
		3A55651F15A70E8B005B03F4 /* sRESprite.vsh in Sources */ = {isa = PBXBuildFile; fileRef = 3A55651915A70E8B005B03F4 /* sRESprite.vsh */; };
		3A55652015A70E8B005B03F4 /* sRESpriteBatch.fsh in Sources */ = {isa = PBXBuildFile; fileRef = 3A55651A15A70E8B005B03F4 /* sRESpriteBatch.fsh */; };
		3A55652115A70E8B005B03F4 /* sRESpriteBatch.fsh in Sources */ = {isa = PBXBuildFile; fileRef = 3A55651A15A70E8B005B03F4 /* sRESpriteBatch.fsh */; };
		3A55652215A70E8B005B03F4 /* sRESpriteBatch.vsh in Sources */ = {isa = PBXBuildFile; fileRef = 3A55651B15A70E8B005B03F4 /* sRESpriteBatch.vsh */; };
		3A55652315A70E8B005B03F4 /* sRESpriteBatch.vsh in Sources */ = {isa = PBXBuildFile; fileRef = 3A55651B15A70E8B005B03F4 /* sRESpriteBatch.vsh */; };
		B25D2E601599CF62004CA9DE /* sFragmentLighting.fsh in Resources */ = {isa = PBXBuildFile; fileRef = B25D2E5C1599CF4A004CA9DE /* sFragmentLighting.fsh */; };
		B25D2E611599CF62004CA9DE /* sFragmentLighting.vsh in Resources */ = {isa = PBXBuildFile; fileRef = B25D2E5D1599CF4A004CA9DE /* sFragmentLighting.vsh */; };
		B25D2E631599D497004CA9DE /* teapot.mtl in Resources */ = {isa = PBXBuildFile; fileRef = B25D2E621599D497004CA9DE /* teapot.mtl */; };
		B25D3CE51599171B00428A79 /* UIKit.framework in Frameworks */ = {isa = PBXBuildFile; fileRef = B25D3CE41599171B00428A79 /* UIKit.framework */; };
		B25D3CE71599171B00428A79 /* Foundation.framework in Frameworks */ = {isa = PBXBuildFile; fileRef = B25D3CE61599171B00428A79 /* Foundation.framework */; };
		B25D3CE91599171B00428A79 /* CoreGraphics.framework in Frameworks */ = {isa = PBXBuildFile; fileRef = B25D3CE81599171B00428A79 /* CoreGraphics.framework */; };
		B25D3CEF1599171B00428A79 /* InfoPlist.strings in Resources */ = {isa = PBXBuildFile; fileRef = B25D3CED1599171B00428A79 /* InfoPlist.strings */; };
		B25D3CF11599171B00428A79 /* main.m in Sources */ = {isa = PBXBuildFile; fileRef = B25D3CF01599171B00428A79 /* main.m */; };
		B25D3CF51599171B00428A79 /* TeapotAppDelegate.m in Sources */ = {isa = PBXBuildFile; fileRef = B25D3CF41599171B00428A79 /* TeapotAppDelegate.m */; };
		B25D3D511599176900428A79 /* QuartzCore.framework in Frameworks */ = {isa = PBXBuildFile; fileRef = B25D3D501599176900428A79 /* QuartzCore.framework */; };
		B25D3D531599176D00428A79 /* OpenGLES.framework in Frameworks */ = {isa = PBXBuildFile; fileRef = B25D3D521599176D00428A79 /* OpenGLES.framework */; };
		B25D3D551599178600428A79 /* CoreVideo.framework in Frameworks */ = {isa = PBXBuildFile; fileRef = B25D3D541599178600428A79 /* CoreVideo.framework */; };
		B25D3D5815991DA200428A79 /* GLViewController.m in Sources */ = {isa = PBXBuildFile; fileRef = B25D3D5715991DA000428A79 /* GLViewController.m */; };
		B25D3D5C1599237700428A79 /* TeapotController.m in Sources */ = {isa = PBXBuildFile; fileRef = B25D3D5B1599237400428A79 /* TeapotController.m */; };
		B25D3D5F1599239600428A79 /* teapot.obj in Resources */ = {isa = PBXBuildFile; fileRef = B25D3D5E1599239600428A79 /* teapot.obj */; };
		B25D3D7D159928F200428A79 /* TeapotNode.m in Sources */ = {isa = PBXBuildFile; fileRef = B25D3D7C159928F200428A79 /* TeapotNode.m */; };
		B25D3D8415992B5900428A79 /* sVertexLighting.fsh in Resources */ = {isa = PBXBuildFile; fileRef = B25D3D8215992B4D00428A79 /* sVertexLighting.fsh */; };
		B25D3D8515992B5900428A79 /* sVertexLighting.vsh in Resources */ = {isa = PBXBuildFile; fileRef = B25D3D8315992B4D00428A79 /* sVertexLighting.vsh */; };
/* End PBXBuildFile section */

/* Begin PBXFileReference section */
		3A12379E15A7067500E404EA /* UIViewAdditions.h */ = {isa = PBXFileReference; fileEncoding = 4; lastKnownFileType = sourcecode.c.h; path = UIViewAdditions.h; sourceTree = "<group>"; };
		3A12379F15A7067500E404EA /* UIViewAdditions.m */ = {isa = PBXFileReference; fileEncoding = 4; lastKnownFileType = sourcecode.c.objc; path = UIViewAdditions.m; sourceTree = "<group>"; };
		3A1237A015A7067500E404EA /* UIImageAdditions.h */ = {isa = PBXFileReference; fileEncoding = 4; lastKnownFileType = sourcecode.c.h; path = UIImageAdditions.h; sourceTree = "<group>"; };
		3A1237A115A7067500E404EA /* UIImageAdditions.m */ = {isa = PBXFileReference; fileEncoding = 4; lastKnownFileType = sourcecode.c.objc; path = UIImageAdditions.m; sourceTree = "<group>"; };
		3A1237A515A7068B00E404EA /* AngleUtil.h */ = {isa = PBXFileReference; fileEncoding = 4; lastKnownFileType = sourcecode.c.h; path = AngleUtil.h; sourceTree = "<group>"; };
		3A1237A615A7068B00E404EA /* AngleUtil.m */ = {isa = PBXFileReference; fileEncoding = 4; lastKnownFileType = sourcecode.c.objc; path = AngleUtil.m; sourceTree = "<group>"; };
		3A1237A915A706A500E404EA /* sBumpSphere.fsh */ = {isa = PBXFileReference; fileEncoding = 4; lastKnownFileType = sourcecode.glsl; path = sBumpSphere.fsh; sourceTree = "<group>"; };
		3A1237AA15A706A500E404EA /* sBumpSphere.vsh */ = {isa = PBXFileReference; fileEncoding = 4; lastKnownFileType = sourcecode.glsl; path = sBumpSphere.vsh; sourceTree = "<group>"; };
		3A1237AD15A706B200E404EA /* BumpSphereAppDelegate.h */ = {isa = PBXFileReference; fileEncoding = 4; lastKnownFileType = sourcecode.c.h; path = BumpSphereAppDelegate.h; sourceTree = "<group>"; };
		3A1237AE15A706B200E404EA /* BumpSphereAppDelegate.m */ = {isa = PBXFileReference; fileEncoding = 4; lastKnownFileType = sourcecode.c.objc; path = BumpSphereAppDelegate.m; sourceTree = "<group>"; };
		3A1237B015A7070C00E404EA /* SphereViewController.h */ = {isa = PBXFileReference; fileEncoding = 4; lastKnownFileType = sourcecode.c.h; path = SphereViewController.h; sourceTree = "<group>"; };
		3A1237B115A7070C00E404EA /* SphereViewController.m */ = {isa = PBXFileReference; fileEncoding = 4; lastKnownFileType = sourcecode.c.objc; path = SphereViewController.m; sourceTree = "<group>"; };
		3A1237B215A7070C00E404EA /* SphereViewController.xib */ = {isa = PBXFileReference; fileEncoding = 4; lastKnownFileType = file.xib; path = SphereViewController.xib; sourceTree = "<group>"; };
		3A1237B515A7071700E404EA /* SphereNode.h */ = {isa = PBXFileReference; fileEncoding = 4; lastKnownFileType = sourcecode.c.h; path = SphereNode.h; sourceTree = "<group>"; };
		3A1237B615A7071700E404EA /* SphereNode.m */ = {isa = PBXFileReference; fileEncoding = 4; lastKnownFileType = sourcecode.c.objc; path = SphereNode.m; sourceTree = "<group>"; };
		3A1D0CFB15A70BB2003BAC0F /* BumpSphereExample.app */ = {isa = PBXFileReference; explicitFileType = wrapper.application; includeInIndex = 0; path = BumpSphereExample.app; sourceTree = BUILT_PRODUCTS_DIR; };
		3A55649315A70E7D005B03F4 /* CC3Foundation.h */ = {isa = PBXFileReference; fileEncoding = 4; lastKnownFileType = sourcecode.c.h; path = CC3Foundation.h; sourceTree = "<group>"; };
		3A55649415A70E7D005B03F4 /* CC3Foundation.m */ = {isa = PBXFileReference; fileEncoding = 4; lastKnownFileType = sourcecode.c.objc; path = CC3Foundation.m; sourceTree = "<group>"; };
		3A55649515A70E7D005B03F4 /* CC3GLMatrix.h */ = {isa = PBXFileReference; fileEncoding = 4; lastKnownFileType = sourcecode.c.h; path = CC3GLMatrix.h; sourceTree = "<group>"; };
		3A55649615A70E7D005B03F4 /* CC3GLMatrix.m */ = {isa = PBXFileReference; fileEncoding = 4; lastKnownFileType = sourcecode.c.objc; path = CC3GLMatrix.m; sourceTree = "<group>"; };
		3A55649715A70E7D005B03F4 /* CC3Kazmath.c */ = {isa = PBXFileReference; fileEncoding = 4; lastKnownFileType = sourcecode.c.c; path = CC3Kazmath.c; sourceTree = "<group>"; };
		3A55649815A70E7D005B03F4 /* CC3Kazmath.h */ = {isa = PBXFileReference; fileEncoding = 4; lastKnownFileType = sourcecode.c.h; path = CC3Kazmath.h; sourceTree = "<group>"; };
		3A55649915A70E7D005B03F4 /* CC3Logging.h */ = {isa = PBXFileReference; fileEncoding = 4; lastKnownFileType = sourcecode.c.h; path = CC3Logging.h; sourceTree = "<group>"; };
		3A55649A15A70E7D005B03F4 /* CC3Math.h */ = {isa = PBXFileReference; fileEncoding = 4; lastKnownFileType = sourcecode.c.h; path = CC3Math.h; sourceTree = "<group>"; };
		3A55649B15A70E7D005B03F4 /* CC3Math.m */ = {isa = PBXFileReference; fileEncoding = 4; lastKnownFileType = sourcecode.c.objc; path = CC3Math.m; sourceTree = "<group>"; };
		3A55649C15A70E7D005B03F4 /* CC3MathInclude.h */ = {isa = PBXFileReference; fileEncoding = 4; lastKnownFileType = sourcecode.c.h; path = CC3MathInclude.h; sourceTree = "<group>"; };
		3A55649D15A70E7D005B03F4 /* ccTypes.h */ = {isa = PBXFileReference; fileEncoding = 4; lastKnownFileType = sourcecode.c.h; path = ccTypes.h; sourceTree = "<group>"; };
		3A55649E15A70E7D005B03F4 /* NSValue+CC3Types.h */ = {isa = PBXFileReference; fileEncoding = 4; lastKnownFileType = sourcecode.c.h; path = "NSValue+CC3Types.h"; sourceTree = "<group>"; };
		3A55649F15A70E7D005B03F4 /* NSValue+CC3Types.m */ = {isa = PBXFileReference; fileEncoding = 4; lastKnownFileType = sourcecode.c.objc; path = "NSValue+CC3Types.m"; sourceTree = "<group>"; };
		3A5564A015A70E7D005B03F4 /* REBuffer.h */ = {isa = PBXFileReference; fileEncoding = 4; lastKnownFileType = sourcecode.c.h; path = REBuffer.h; sourceTree = SOURCE_ROOT; };
		3A5564A115A70E7D005B03F4 /* REBuffer.m */ = {isa = PBXFileReference; fileEncoding = 4; lastKnownFileType = sourcecode.c.objc; path = REBuffer.m; sourceTree = SOURCE_ROOT; };
		3A5564A215A70E7D005B03F4 /* RECache.h */ = {isa = PBXFileReference; fileEncoding = 4; lastKnownFileType = sourcecode.c.h; path = RECache.h; sourceTree = SOURCE_ROOT; };
		3A5564A315A70E7D005B03F4 /* RECache.m */ = {isa = PBXFileReference; fileEncoding = 4; lastKnownFileType = sourcecode.c.objc; path = RECache.m; sourceTree = SOURCE_ROOT; };
		3A5564A415A70E7D005B03F4 /* RECamera.h */ = {isa = PBXFileReference; fileEncoding = 4; lastKnownFileType = sourcecode.c.h; path = RECamera.h; sourceTree = SOURCE_ROOT; };
		3A5564A515A70E7D005B03F4 /* RECamera.m */ = {isa = PBXFileReference; fileEncoding = 4; lastKnownFileType = sourcecode.c.objc; path = RECamera.m; sourceTree = SOURCE_ROOT; };
		3A5564A615A70E7D005B03F4 /* REDirector.h */ = {isa = PBXFileReference; fileEncoding = 4; lastKnownFileType = sourcecode.c.h; path = REDirector.h; sourceTree = SOURCE_ROOT; };
		3A5564A715A70E7D005B03F4 /* REDirector.m */ = {isa = PBXFileReference; fileEncoding = 4; lastKnownFileType = sourcecode.c.objc; path = REDirector.m; sourceTree = SOURCE_ROOT; };
		3A5564A815A70E7D005B03F4 /* REGLStateManager.h */ = {isa = PBXFileReference; fileEncoding = 4; lastKnownFileType = sourcecode.c.h; path = REGLStateManager.h; sourceTree = SOURCE_ROOT; };
		3A5564A915A70E7D005B03F4 /* REGLStateManager.m */ = {isa = PBXFileReference; fileEncoding = 4; lastKnownFileType = sourcecode.c.objc; path = REGLStateManager.m; sourceTree = SOURCE_ROOT; };
		3A5564AA15A70E7D005B03F4 /* REGLTypes.h */ = {isa = PBXFileReference; fileEncoding = 4; lastKnownFileType = sourcecode.c.h; path = REGLTypes.h; sourceTree = SOURCE_ROOT; };
		3A5564AB15A70E7D005B03F4 /* REGLTypes.m */ = {isa = PBXFileReference; fileEncoding = 4; lastKnownFileType = sourcecode.c.objc; path = REGLTypes.m; sourceTree = SOURCE_ROOT; };
		3A5564AC15A70E7D005B03F4 /* REGLView.h */ = {isa = PBXFileReference; fileEncoding = 4; lastKnownFileType = sourcecode.c.h; path = REGLView.h; sourceTree = SOURCE_ROOT; };
		3A5564AD15A70E7D005B03F4 /* REGLView.m */ = {isa = PBXFileReference; fileEncoding = 4; lastKnownFileType = sourcecode.c.objc; path = REGLView.m; sourceTree = SOURCE_ROOT; };
		3A5564AE15A70E7D005B03F4 /* REKeyframedMeshNode.h */ = {isa = PBXFileReference; fileEncoding = 4; lastKnownFileType = sourcecode.c.h; path = REKeyframedMeshNode.h; sourceTree = SOURCE_ROOT; };
		3A5564AF15A70E7D005B03F4 /* REKeyframedMeshNode.m */ = {isa = PBXFileReference; fileEncoding = 4; lastKnownFileType = sourcecode.c.objc; path = REKeyframedMeshNode.m; sourceTree = SOURCE_ROOT; };
		3A5564B015A70E7D005B03F4 /* RELight.h */ = {isa = PBXFileReference; fileEncoding = 4; lastKnownFileType = sourcecode.c.h; path = RELight.h; sourceTree = SOURCE_ROOT; };
		3A5564B115A70E7D005B03F4 /* RELight.m */ = {isa = PBXFileReference; fileEncoding = 4; lastKnownFileType = sourcecode.c.objc; path = RELight.m; sourceTree = SOURCE_ROOT; };
		3A5564B215A70E7D005B03F4 /* REMaterial.h */ = {isa = PBXFileReference; fileEncoding = 4; lastKnownFileType = sourcecode.c.h; path = REMaterial.h; sourceTree = SOURCE_ROOT; };
		3A5564B315A70E7D005B03F4 /* REMaterial.m */ = {isa = PBXFileReference; fileEncoding = 4; lastKnownFileType = sourcecode.c.objc; path = REMaterial.m; sourceTree = SOURCE_ROOT; };
		3A5564B415A70E7D005B03F4 /* Rend.h */ = {isa = PBXFileReference; fileEncoding = 4; lastKnownFileType = sourcecode.c.h; path = Rend.h; sourceTree = SOURCE_ROOT; };
		3A5564B515A70E7D005B03F4 /* RENode.h */ = {isa = PBXFileReference; fileEncoding = 4; lastKnownFileType = sourcecode.c.h; path = RENode.h; sourceTree = SOURCE_ROOT; };
		3A5564B615A70E7D005B03F4 /* RENode.m */ = {isa = PBXFileReference; fileEncoding = 4; lastKnownFileType = sourcecode.c.objc; path = RENode.m; sourceTree = SOURCE_ROOT; };
		3A5564B715A70E7D005B03F4 /* RENSArrayAdditions.h */ = {isa = PBXFileReference; fileEncoding = 4; lastKnownFileType = sourcecode.c.h; path = RENSArrayAdditions.h; sourceTree = SOURCE_ROOT; };
		3A5564B815A70E7D005B03F4 /* RENSArrayAdditions.m */ = {isa = PBXFileReference; fileEncoding = 4; lastKnownFileType = sourcecode.c.objc; path = RENSArrayAdditions.m; sourceTree = SOURCE_ROOT; };
		3A5564B915A70E7D005B03F4 /* RENSValueAdditions.h */ = {isa = PBXFileReference; fileEncoding = 4; lastKnownFileType = sourcecode.c.h; path = RENSValueAdditions.h; sourceTree = SOURCE_ROOT; };
		3A5564BA15A70E7D005B03F4 /* RENSValueAdditions.m */ = {isa = PBXFileReference; fileEncoding = 4; lastKnownFileType = sourcecode.c.objc; path = RENSValueAdditions.m; sourceTree = SOURCE_ROOT; };
		3A5564BB15A70E7D005B03F4 /* REProgram.h */ = {isa = PBXFileReference; fileEncoding = 4; lastKnownFileType = sourcecode.c.h; path = REProgram.h; sourceTree = SOURCE_ROOT; };
		3A5564BC15A70E7D005B03F4 /* REProgram.m */ = {isa = PBXFileReference; fileEncoding = 4; lastKnownFileType = sourcecode.c.objc; path = REProgram.m; sourceTree = SOURCE_ROOT; };
		3A5564BD15A70E7D005B03F4 /* RERotator.h */ = {isa = PBXFileReference; fileEncoding = 4; lastKnownFileType = sourcecode.c.h; path = RERotator.h; sourceTree = SOURCE_ROOT; };
		3A5564BE15A70E7D005B03F4 /* RERotator.m */ = {isa = PBXFileReference; fileEncoding = 4; lastKnownFileType = sourcecode.c.objc; path = RERotator.m; sourceTree = SOURCE_ROOT; };
		3A5564BF15A70E7D005B03F4 /* REScene.h */ = {isa = PBXFileReference; fileEncoding = 4; lastKnownFileType = sourcecode.c.h; path = REScene.h; sourceTree = SOURCE_ROOT; };
		3A5564C015A70E7D005B03F4 /* REScene.m */ = {isa = PBXFileReference; fileEncoding = 4; lastKnownFileType = sourcecode.c.objc; path = REScene.m; sourceTree = SOURCE_ROOT; };
		3A5564C115A70E7D005B03F4 /* REScheduler.h */ = {isa = PBXFileReference; fileEncoding = 4; lastKnownFileType = sourcecode.c.h; path = REScheduler.h; sourceTree = SOURCE_ROOT; };
		3A5564C215A70E7D005B03F4 /* REScheduler.m */ = {isa = PBXFileReference; fileEncoding = 4; lastKnownFileType = sourcecode.c.objc; path = REScheduler.m; sourceTree = SOURCE_ROOT; };
		3A5564C315A70E7D005B03F4 /* REShader.h */ = {isa = PBXFileReference; fileEncoding = 4; lastKnownFileType = sourcecode.c.h; path = REShader.h; sourceTree = SOURCE_ROOT; };
		3A5564C415A70E7D005B03F4 /* REShader.m */ = {isa = PBXFileReference; fileEncoding = 4; lastKnownFileType = sourcecode.c.objc; path = REShader.m; sourceTree = SOURCE_ROOT; };
		3A5564C515A70E7D005B03F4 /* RESprite.h */ = {isa = PBXFileReference; fileEncoding = 4; lastKnownFileType = sourcecode.c.h; path = RESprite.h; sourceTree = SOURCE_ROOT; };
		3A5564C615A70E7D005B03F4 /* RESprite.m */ = {isa = PBXFileReference; fileEncoding = 4; lastKnownFileType = sourcecode.c.objc; path = RESprite.m; sourceTree = SOURCE_ROOT; };
		3A5564C715A70E7D005B03F4 /* RESpriteBatchNode.h */ = {isa = PBXFileReference; fileEncoding = 4; lastKnownFileType = sourcecode.c.h; path = RESpriteBatchNode.h; sourceTree = SOURCE_ROOT; };
		3A5564C815A70E7D005B03F4 /* RESpriteBatchNode.m */ = {isa = PBXFileReference; fileEncoding = 4; lastKnownFileType = sourcecode.c.objc; path = RESpriteBatchNode.m; sourceTree = SOURCE_ROOT; };
		3A5564C915A70E7D005B03F4 /* RETexture.h */ = {isa = PBXFileReference; fileEncoding = 4; lastKnownFileType = sourcecode.c.h; path = RETexture.h; sourceTree = SOURCE_ROOT; };
		3A5564CA15A70E7D005B03F4 /* RETexture.m */ = {isa = PBXFileReference; fileEncoding = 4; lastKnownFileType = sourcecode.c.objc; path = RETexture.m; sourceTree = SOURCE_ROOT; };
		3A5564CB15A70E7D005B03F4 /* REVertexArrayObject.h */ = {isa = PBXFileReference; fileEncoding = 4; lastKnownFileType = sourcecode.c.h; path = REVertexArrayObject.h; sourceTree = SOURCE_ROOT; };
		3A5564CC15A70E7D005B03F4 /* REVertexArrayObject.m */ = {isa = PBXFileReference; fileEncoding = 4; lastKnownFileType = sourcecode.c.objc; path = REVertexArrayObject.m; sourceTree = SOURCE_ROOT; };
		3A5564CD15A70E7D005B03F4 /* REWavefrontMesh.h */ = {isa = PBXFileReference; fileEncoding = 4; lastKnownFileType = sourcecode.c.h; path = REWavefrontMesh.h; sourceTree = SOURCE_ROOT; };
		3A5564CE15A70E7D005B03F4 /* REWavefrontMesh.m */ = {isa = PBXFileReference; fileEncoding = 4; lastKnownFileType = sourcecode.c.objc; path = REWavefrontMesh.m; sourceTree = SOURCE_ROOT; };
		3A5564CF15A70E7D005B03F4 /* REWavefrontMeshElementIndexBatch.h */ = {isa = PBXFileReference; fileEncoding = 4; lastKnownFileType = sourcecode.c.h; path = REWavefrontMeshElementIndexBatch.h; sourceTree = SOURCE_ROOT; };
		3A5564D015A70E7D005B03F4 /* REWavefrontMeshElementIndexBatch.m */ = {isa = PBXFileReference; fileEncoding = 4; lastKnownFileType = sourcecode.c.objc; path = REWavefrontMeshElementIndexBatch.m; sourceTree = SOURCE_ROOT; };
		3A5564D115A70E7D005B03F4 /* REWavefrontMeshGroupNode.h */ = {isa = PBXFileReference; fileEncoding = 4; lastKnownFileType = sourcecode.c.h; path = REWavefrontMeshGroupNode.h; sourceTree = SOURCE_ROOT; };
		3A5564D215A70E7D005B03F4 /* REWavefrontMeshGroupNode.m */ = {isa = PBXFileReference; fileEncoding = 4; lastKnownFileType = sourcecode.c.objc; path = REWavefrontMeshGroupNode.m; sourceTree = SOURCE_ROOT; };
		3A5564D315A70E7D005B03F4 /* REWavefrontMeshNode.h */ = {isa = PBXFileReference; fileEncoding = 4; lastKnownFileType = sourcecode.c.h; path = REWavefrontMeshNode.h; sourceTree = SOURCE_ROOT; };
		3A5564D415A70E7D005B03F4 /* REWavefrontMeshNode.m */ = {isa = PBXFileReference; fileEncoding = 4; lastKnownFileType = sourcecode.c.objc; path = REWavefrontMeshNode.m; sourceTree = SOURCE_ROOT; };
		3A5564D515A70E7D005B03F4 /* REWorld.h */ = {isa = PBXFileReference; fileEncoding = 4; lastKnownFileType = sourcecode.c.h; path = REWorld.h; sourceTree = SOURCE_ROOT; };
		3A5564D615A70E7D005B03F4 /* REWorld.m */ = {isa = PBXFileReference; fileEncoding = 4; lastKnownFileType = sourcecode.c.objc; path = REWorld.m; sourceTree = SOURCE_ROOT; };
		3A55651815A70E8B005B03F4 /* sRESprite.fsh */ = {isa = PBXFileReference; fileEncoding = 4; lastKnownFileType = sourcecode.glsl; path = sRESprite.fsh; sourceTree = SOURCE_ROOT; };
		3A55651915A70E8B005B03F4 /* sRESprite.vsh */ = {isa = PBXFileReference; fileEncoding = 4; lastKnownFileType = sourcecode.glsl; path = sRESprite.vsh; sourceTree = SOURCE_ROOT; };
		3A55651A15A70E8B005B03F4 /* sRESpriteBatch.fsh */ = {isa = PBXFileReference; fileEncoding = 4; lastKnownFileType = sourcecode.glsl; path = sRESpriteBatch.fsh; sourceTree = SOURCE_ROOT; };
		3A55651B15A70E8B005B03F4 /* sRESpriteBatch.vsh */ = {isa = PBXFileReference; fileEncoding = 4; lastKnownFileType = sourcecode.glsl; path = sRESpriteBatch.vsh; sourceTree = SOURCE_ROOT; };
		B25D2E5C1599CF4A004CA9DE /* sFragmentLighting.fsh */ = {isa = PBXFileReference; fileEncoding = 4; lastKnownFileType = sourcecode.glsl; path = sFragmentLighting.fsh; sourceTree = "<group>"; };
		B25D2E5D1599CF4A004CA9DE /* sFragmentLighting.vsh */ = {isa = PBXFileReference; fileEncoding = 4; lastKnownFileType = sourcecode.glsl; path = sFragmentLighting.vsh; sourceTree = "<group>"; };
		B25D2E621599D497004CA9DE /* teapot.mtl */ = {isa = PBXFileReference; fileEncoding = 4; lastKnownFileType = text; name = teapot.mtl; path = Resources/teapot.mtl; sourceTree = "<group>"; };
		B25D3CE01599171B00428A79 /* TeapotExample.app */ = {isa = PBXFileReference; explicitFileType = wrapper.application; includeInIndex = 0; path = TeapotExample.app; sourceTree = BUILT_PRODUCTS_DIR; };
		B25D3CE41599171B00428A79 /* UIKit.framework */ = {isa = PBXFileReference; lastKnownFileType = wrapper.framework; name = UIKit.framework; path = System/Library/Frameworks/UIKit.framework; sourceTree = SDKROOT; };
		B25D3CE61599171B00428A79 /* Foundation.framework */ = {isa = PBXFileReference; lastKnownFileType = wrapper.framework; name = Foundation.framework; path = System/Library/Frameworks/Foundation.framework; sourceTree = SDKROOT; };
		B25D3CE81599171B00428A79 /* CoreGraphics.framework */ = {isa = PBXFileReference; lastKnownFileType = wrapper.framework; name = CoreGraphics.framework; path = System/Library/Frameworks/CoreGraphics.framework; sourceTree = SDKROOT; };
		B25D3CEC1599171B00428A79 /* Rend Example Collection-Info.plist */ = {isa = PBXFileReference; lastKnownFileType = text.plist.xml; path = "Rend Example Collection-Info.plist"; sourceTree = "<group>"; };
		B25D3CEE1599171B00428A79 /* en */ = {isa = PBXFileReference; lastKnownFileType = text.plist.strings; name = en; path = en.lproj/InfoPlist.strings; sourceTree = "<group>"; };
		B25D3CF01599171B00428A79 /* main.m */ = {isa = PBXFileReference; lastKnownFileType = sourcecode.c.objc; path = main.m; sourceTree = "<group>"; };
		B25D3CF21599171B00428A79 /* Rend Example Collection-Prefix.pch */ = {isa = PBXFileReference; lastKnownFileType = sourcecode.c.h; path = "Rend Example Collection-Prefix.pch"; sourceTree = "<group>"; };
		B25D3CF31599171B00428A79 /* TeapotAppDelegate.h */ = {isa = PBXFileReference; lastKnownFileType = sourcecode.c.h; path = TeapotAppDelegate.h; sourceTree = "<group>"; };
		B25D3CF41599171B00428A79 /* TeapotAppDelegate.m */ = {isa = PBXFileReference; lastKnownFileType = sourcecode.c.objc; path = TeapotAppDelegate.m; sourceTree = "<group>"; };
		B25D3D501599176900428A79 /* QuartzCore.framework */ = {isa = PBXFileReference; lastKnownFileType = wrapper.framework; name = QuartzCore.framework; path = System/Library/Frameworks/QuartzCore.framework; sourceTree = SDKROOT; };
		B25D3D521599176D00428A79 /* OpenGLES.framework */ = {isa = PBXFileReference; lastKnownFileType = wrapper.framework; name = OpenGLES.framework; path = System/Library/Frameworks/OpenGLES.framework; sourceTree = SDKROOT; };
		B25D3D541599178600428A79 /* CoreVideo.framework */ = {isa = PBXFileReference; lastKnownFileType = wrapper.framework; name = CoreVideo.framework; path = System/Library/Frameworks/CoreVideo.framework; sourceTree = SDKROOT; };
		B25D3D5615991D9D00428A79 /* GLViewController.h */ = {isa = PBXFileReference; fileEncoding = 4; lastKnownFileType = sourcecode.c.h; path = GLViewController.h; sourceTree = "<group>"; };
		B25D3D5715991DA000428A79 /* GLViewController.m */ = {isa = PBXFileReference; fileEncoding = 4; lastKnownFileType = sourcecode.c.objc; path = GLViewController.m; sourceTree = "<group>"; };
		B25D3D5A1599237100428A79 /* TeapotController.h */ = {isa = PBXFileReference; fileEncoding = 4; lastKnownFileType = sourcecode.c.h; path = TeapotController.h; sourceTree = "<group>"; };
		B25D3D5B1599237400428A79 /* TeapotController.m */ = {isa = PBXFileReference; fileEncoding = 4; lastKnownFileType = sourcecode.c.objc; path = TeapotController.m; sourceTree = "<group>"; };
		B25D3D5E1599239600428A79 /* teapot.obj */ = {isa = PBXFileReference; fileEncoding = 4; lastKnownFileType = text; name = teapot.obj; path = Resources/teapot.obj; sourceTree = "<group>"; };
		B25D3D7B159928F200428A79 /* TeapotNode.h */ = {isa = PBXFileReference; fileEncoding = 4; lastKnownFileType = sourcecode.c.h; path = TeapotNode.h; sourceTree = "<group>"; };
		B25D3D7C159928F200428A79 /* TeapotNode.m */ = {isa = PBXFileReference; fileEncoding = 4; lastKnownFileType = sourcecode.c.objc; path = TeapotNode.m; sourceTree = "<group>"; };
		B25D3D8215992B4D00428A79 /* sVertexLighting.fsh */ = {isa = PBXFileReference; lastKnownFileType = sourcecode.glsl; path = sVertexLighting.fsh; sourceTree = "<group>"; };
		B25D3D8315992B4D00428A79 /* sVertexLighting.vsh */ = {isa = PBXFileReference; lastKnownFileType = sourcecode.glsl; path = sVertexLighting.vsh; sourceTree = "<group>"; };
/* End PBXFileReference section */

/* Begin PBXFrameworksBuildPhase section */
		3A1D0CE915A70BB2003BAC0F /* Frameworks */ = {
			isa = PBXFrameworksBuildPhase;
			buildActionMask = 2147483647;
			files = (
				3A1D0CEA15A70BB2003BAC0F /* CoreVideo.framework in Frameworks */,
				3A1D0CEB15A70BB2003BAC0F /* OpenGLES.framework in Frameworks */,
				3A1D0CEC15A70BB2003BAC0F /* QuartzCore.framework in Frameworks */,
				3A1D0CED15A70BB2003BAC0F /* UIKit.framework in Frameworks */,
				3A1D0CEE15A70BB2003BAC0F /* Foundation.framework in Frameworks */,
				3A1D0CEF15A70BB2003BAC0F /* CoreGraphics.framework in Frameworks */,
			);
			runOnlyForDeploymentPostprocessing = 0;
		};
		B25D3CDD1599171B00428A79 /* Frameworks */ = {
			isa = PBXFrameworksBuildPhase;
			buildActionMask = 2147483647;
			files = (
				B25D3D551599178600428A79 /* CoreVideo.framework in Frameworks */,
				B25D3D531599176D00428A79 /* OpenGLES.framework in Frameworks */,
				B25D3D511599176900428A79 /* QuartzCore.framework in Frameworks */,
				B25D3CE51599171B00428A79 /* UIKit.framework in Frameworks */,
				B25D3CE71599171B00428A79 /* Foundation.framework in Frameworks */,
				B25D3CE91599171B00428A79 /* CoreGraphics.framework in Frameworks */,
			);
			runOnlyForDeploymentPostprocessing = 0;
		};
/* End PBXFrameworksBuildPhase section */

/* Begin PBXGroup section */
		3A12372015A7040200E404EA /* Examples */ = {
			isa = PBXGroup;
			children = (
				3A12379A15A705B800E404EA /* Shared Content */,
				B25D3D60159923B200428A79 /* Teapot Example */,
				3A12372315A7041E00E404EA /* BumpSphere Example */,
			);
			name = Examples;
			sourceTree = "<group>";
		};
		3A12372315A7041E00E404EA /* BumpSphere Example */ = {
			isa = PBXGroup;
			children = (
				3A1237A815A7069900E404EA /* Shaders */,
				3A1237AD15A706B200E404EA /* BumpSphereAppDelegate.h */,
				3A1237AE15A706B200E404EA /* BumpSphereAppDelegate.m */,
				3A1237B015A7070C00E404EA /* SphereViewController.h */,
				3A1237B115A7070C00E404EA /* SphereViewController.m */,
				3A1237B215A7070C00E404EA /* SphereViewController.xib */,
				3A1237B515A7071700E404EA /* SphereNode.h */,
				3A1237B615A7071700E404EA /* SphereNode.m */,
			);
			name = "BumpSphere Example";
			sourceTree = "<group>";
		};
		3A12372515A704F200E404EA /* Rend */ = {
			isa = PBXGroup;
			children = (
				3A55649115A70E71005B03F4 /* Classes */,
				3A55651715A70E81005B03F4 /* Shaders */,
			);
			name = Rend;
			path = ../../../Rend;
			sourceTree = "<group>";
		};
		3A12379A15A705B800E404EA /* Shared Content */ = {
			isa = PBXGroup;
			children = (
				3A12379B15A705C000E404EA /* Shaders */,
				B25D3D5D1599239300428A79 /* Resources */,
				3A1237A415A7067A00E404EA /* Utilities */,
				3A12379D15A7066900E404EA /* Additions */,
				B25D3D5615991D9D00428A79 /* GLViewController.h */,
				B25D3D5715991DA000428A79 /* GLViewController.m */,
			);
			name = "Shared Content";
			sourceTree = "<group>";
		};
		3A12379B15A705C000E404EA /* Shaders */ = {
			isa = PBXGroup;
			children = (
				B25D3D8215992B4D00428A79 /* sVertexLighting.fsh */,
				B25D3D8315992B4D00428A79 /* sVertexLighting.vsh */,
				B25D2E5C1599CF4A004CA9DE /* sFragmentLighting.fsh */,
				B25D2E5D1599CF4A004CA9DE /* sFragmentLighting.vsh */,
			);
			name = Shaders;
			sourceTree = "<group>";
		};
		3A12379C15A705F800E404EA /* Resources */ = {
			isa = PBXGroup;
			children = (
				B25D3D5E1599239600428A79 /* teapot.obj */,
				B25D2E621599D497004CA9DE /* teapot.mtl */,
			);
			name = Resources;
			sourceTree = "<group>";
		};
		3A12379D15A7066900E404EA /* Additions */ = {
			isa = PBXGroup;
			children = (
				3A12379E15A7067500E404EA /* UIViewAdditions.h */,
				3A12379F15A7067500E404EA /* UIViewAdditions.m */,
				3A1237A015A7067500E404EA /* UIImageAdditions.h */,
				3A1237A115A7067500E404EA /* UIImageAdditions.m */,
			);
			name = Additions;
			sourceTree = "<group>";
		};
		3A1237A415A7067A00E404EA /* Utilities */ = {
			isa = PBXGroup;
			children = (
				3A1237A515A7068B00E404EA /* AngleUtil.h */,
				3A1237A615A7068B00E404EA /* AngleUtil.m */,
			);
			name = Utilities;
			sourceTree = "<group>";
		};
		3A1237A815A7069900E404EA /* Shaders */ = {
			isa = PBXGroup;
			children = (
				3A1237A915A706A500E404EA /* sBumpSphere.fsh */,
				3A1237AA15A706A500E404EA /* sBumpSphere.vsh */,
			);
			name = Shaders;
			sourceTree = "<group>";
		};
		3A55649115A70E71005B03F4 /* Classes */ = {
			isa = PBXGroup;
			children = (
				3A55649215A70E7D005B03F4 /* CC3Math */,
				3A5564A015A70E7D005B03F4 /* REBuffer.h */,
				3A5564A115A70E7D005B03F4 /* REBuffer.m */,
				3A5564A215A70E7D005B03F4 /* RECache.h */,
				3A5564A315A70E7D005B03F4 /* RECache.m */,
				3A5564A415A70E7D005B03F4 /* RECamera.h */,
				3A5564A515A70E7D005B03F4 /* RECamera.m */,
				3A5564A615A70E7D005B03F4 /* REDirector.h */,
				3A5564A715A70E7D005B03F4 /* REDirector.m */,
				3A5564A815A70E7D005B03F4 /* REGLStateManager.h */,
				3A5564A915A70E7D005B03F4 /* REGLStateManager.m */,
				3A5564AA15A70E7D005B03F4 /* REGLTypes.h */,
				3A5564AB15A70E7D005B03F4 /* REGLTypes.m */,
				3A5564AC15A70E7D005B03F4 /* REGLView.h */,
				3A5564AD15A70E7D005B03F4 /* REGLView.m */,
				3A5564AE15A70E7D005B03F4 /* REKeyframedMeshNode.h */,
				3A5564AF15A70E7D005B03F4 /* REKeyframedMeshNode.m */,
				3A5564B015A70E7D005B03F4 /* RELight.h */,
				3A5564B115A70E7D005B03F4 /* RELight.m */,
				3A5564B215A70E7D005B03F4 /* REMaterial.h */,
				3A5564B315A70E7D005B03F4 /* REMaterial.m */,
				3A5564B415A70E7D005B03F4 /* Rend.h */,
				3A5564B515A70E7D005B03F4 /* RENode.h */,
				3A5564B615A70E7D005B03F4 /* RENode.m */,
				3A5564B715A70E7D005B03F4 /* RENSArrayAdditions.h */,
				3A5564B815A70E7D005B03F4 /* RENSArrayAdditions.m */,
				3A5564B915A70E7D005B03F4 /* RENSValueAdditions.h */,
				3A5564BA15A70E7D005B03F4 /* RENSValueAdditions.m */,
				3A5564BB15A70E7D005B03F4 /* REProgram.h */,
				3A5564BC15A70E7D005B03F4 /* REProgram.m */,
				3A5564BD15A70E7D005B03F4 /* RERotator.h */,
				3A5564BE15A70E7D005B03F4 /* RERotator.m */,
				3A5564BF15A70E7D005B03F4 /* REScene.h */,
				3A5564C015A70E7D005B03F4 /* REScene.m */,
				3A5564C115A70E7D005B03F4 /* REScheduler.h */,
				3A5564C215A70E7D005B03F4 /* REScheduler.m */,
				3A5564C315A70E7D005B03F4 /* REShader.h */,
				3A5564C415A70E7D005B03F4 /* REShader.m */,
				3A5564C515A70E7D005B03F4 /* RESprite.h */,
				3A5564C615A70E7D005B03F4 /* RESprite.m */,
				3A5564C715A70E7D005B03F4 /* RESpriteBatchNode.h */,
				3A5564C815A70E7D005B03F4 /* RESpriteBatchNode.m */,
				3A5564C915A70E7D005B03F4 /* RETexture.h */,
				3A5564CA15A70E7D005B03F4 /* RETexture.m */,
				3A5564CB15A70E7D005B03F4 /* REVertexArrayObject.h */,
				3A5564CC15A70E7D005B03F4 /* REVertexArrayObject.m */,
				3A5564CD15A70E7D005B03F4 /* REWavefrontMesh.h */,
				3A5564CE15A70E7D005B03F4 /* REWavefrontMesh.m */,
				3A5564CF15A70E7D005B03F4 /* REWavefrontMeshElementIndexBatch.h */,
				3A5564D015A70E7D005B03F4 /* REWavefrontMeshElementIndexBatch.m */,
				3A5564D115A70E7D005B03F4 /* REWavefrontMeshGroupNode.h */,
				3A5564D215A70E7D005B03F4 /* REWavefrontMeshGroupNode.m */,
				3A5564D315A70E7D005B03F4 /* REWavefrontMeshNode.h */,
				3A5564D415A70E7D005B03F4 /* REWavefrontMeshNode.m */,
				3A5564D515A70E7D005B03F4 /* REWorld.h */,
				3A5564D615A70E7D005B03F4 /* REWorld.m */,
			);
			name = Classes;
			sourceTree = "<group>";
		};
		3A55649215A70E7D005B03F4 /* CC3Math */ = {
			isa = PBXGroup;
			children = (
				3A55649315A70E7D005B03F4 /* CC3Foundation.h */,
				3A55649415A70E7D005B03F4 /* CC3Foundation.m */,
				3A55649515A70E7D005B03F4 /* CC3GLMatrix.h */,
				3A55649615A70E7D005B03F4 /* CC3GLMatrix.m */,
				3A55649715A70E7D005B03F4 /* CC3Kazmath.c */,
				3A55649815A70E7D005B03F4 /* CC3Kazmath.h */,
				3A55649915A70E7D005B03F4 /* CC3Logging.h */,
				3A55649A15A70E7D005B03F4 /* CC3Math.h */,
				3A55649B15A70E7D005B03F4 /* CC3Math.m */,
				3A55649C15A70E7D005B03F4 /* CC3MathInclude.h */,
				3A55649D15A70E7D005B03F4 /* ccTypes.h */,
				3A55649E15A70E7D005B03F4 /* NSValue+CC3Types.h */,
				3A55649F15A70E7D005B03F4 /* NSValue+CC3Types.m */,
			);
			path = CC3Math;
			sourceTree = SOURCE_ROOT;
		};
		3A55651715A70E81005B03F4 /* Shaders */ = {
			isa = PBXGroup;
			children = (
				3A55651815A70E8B005B03F4 /* sRESprite.fsh */,
				3A55651915A70E8B005B03F4 /* sRESprite.vsh */,
				3A55651A15A70E8B005B03F4 /* sRESpriteBatch.fsh */,
				3A55651B15A70E8B005B03F4 /* sRESpriteBatch.vsh */,
			);
			name = Shaders;
			sourceTree = "<group>";
		};
		B25D2E5015999D8F004CA9DE /* Shaders */ = {
			isa = PBXGroup;
			children = (
			);
			name = Shaders;
			path = ../../../Shaders;
			sourceTree = "<group>";
		};
		B25D3CD51599171B00428A79 = {
			isa = PBXGroup;
			children = (
				B25D3CEA1599171B00428A79 /* Rend Example Collection */,
				B25D3CE31599171B00428A79 /* Frameworks */,
				B25D3CE11599171B00428A79 /* Products */,
			);
			sourceTree = "<group>";
		};
		B25D3CE11599171B00428A79 /* Products */ = {
			isa = PBXGroup;
			children = (
				B25D3CE01599171B00428A79 /* TeapotExample.app */,
				3A1D0CFB15A70BB2003BAC0F /* BumpSphereExample.app */,
			);
			name = Products;
			sourceTree = "<group>";
		};
		B25D3CE31599171B00428A79 /* Frameworks */ = {
			isa = PBXGroup;
			children = (
				B25D3D541599178600428A79 /* CoreVideo.framework */,
				B25D3D521599176D00428A79 /* OpenGLES.framework */,
				B25D3D501599176900428A79 /* QuartzCore.framework */,
				B25D3CE41599171B00428A79 /* UIKit.framework */,
				B25D3CE61599171B00428A79 /* Foundation.framework */,
				B25D3CE81599171B00428A79 /* CoreGraphics.framework */,
			);
			name = Frameworks;
			sourceTree = "<group>";
		};
		B25D3CEA1599171B00428A79 /* Rend Example Collection */ = {
			isa = PBXGroup;
			children = (
				3A12372515A704F200E404EA /* Rend */,
				3A12372015A7040200E404EA /* Examples */,
				B25D3CEB1599171B00428A79 /* Supporting Files */,
			);
			path = "Rend Example Collection";
			sourceTree = "<group>";
		};
		B25D3CEB1599171B00428A79 /* Supporting Files */ = {
			isa = PBXGroup;
			children = (
				B25D3CED1599171B00428A79 /* InfoPlist.strings */,
				B25D3CF01599171B00428A79 /* main.m */,
				B25D3CF21599171B00428A79 /* Rend Example Collection-Prefix.pch */,
				B25D3CEC1599171B00428A79 /* Rend Example Collection-Info.plist */,
			);
			name = "Supporting Files";
			sourceTree = "<group>";
		};
		B25D3D5D1599239300428A79 /* Resources */ = {
			isa = PBXGroup;
			children = (
			);
			path = Resources;
			sourceTree = "<group>";
		};
		B25D3D60159923B200428A79 /* Teapot Example */ = {
			isa = PBXGroup;
			children = (
				B25D2E5015999D8F004CA9DE /* Shaders */,
				3A12379C15A705F800E404EA /* Resources */,
				B25D3CF31599171B00428A79 /* TeapotAppDelegate.h */,
				B25D3CF41599171B00428A79 /* TeapotAppDelegate.m */,
				B25D3D5A1599237100428A79 /* TeapotController.h */,
				B25D3D5B1599237400428A79 /* TeapotController.m */,
				B25D3D7B159928F200428A79 /* TeapotNode.h */,
				B25D3D7C159928F200428A79 /* TeapotNode.m */,
			);
			name = "Teapot Example";
			sourceTree = "<group>";
		};
/* End PBXGroup section */

/* Begin PBXNativeTarget section */
		3A1D0CBB15A70BB2003BAC0F /* BumpSphereExample */ = {
			isa = PBXNativeTarget;
			buildConfigurationList = 3A1D0CF815A70BB2003BAC0F /* Build configuration list for PBXNativeTarget "BumpSphereExample" */;
			buildPhases = (
				3A1D0CBC15A70BB2003BAC0F /* Sources */,
				3A1D0CE915A70BB2003BAC0F /* Frameworks */,
				3A1D0CF015A70BB2003BAC0F /* Resources */,
			);
			buildRules = (
			);
			dependencies = (
			);
			name = BumpSphereExample;
			productName = "Rend Example Collection";
			productReference = 3A1D0CFB15A70BB2003BAC0F /* BumpSphereExample.app */;
			productType = "com.apple.product-type.application";
		};
		B25D3CDF1599171B00428A79 /* TeapotExample */ = {
			isa = PBXNativeTarget;
			buildConfigurationList = B25D3CF81599171B00428A79 /* Build configuration list for PBXNativeTarget "TeapotExample" */;
			buildPhases = (
				B25D3CDC1599171B00428A79 /* Sources */,
				B25D3CDD1599171B00428A79 /* Frameworks */,
				B25D3CDE1599171B00428A79 /* Resources */,
			);
			buildRules = (
			);
			dependencies = (
			);
			name = TeapotExample;
			productName = "Rend Example Collection";
			productReference = B25D3CE01599171B00428A79 /* TeapotExample.app */;
			productType = "com.apple.product-type.application";
		};
/* End PBXNativeTarget section */

/* Begin PBXProject section */
		B25D3CD71599171B00428A79 /* Project object */ = {
			isa = PBXProject;
			attributes = {
				LastUpgradeCheck = 0430;
				ORGANIZATIONNAME = Monterosa;
			};
			buildConfigurationList = B25D3CDA1599171B00428A79 /* Build configuration list for PBXProject "Rend Example Collection" */;
			compatibilityVersion = "Xcode 3.2";
			developmentRegion = English;
			hasScannedForEncodings = 0;
			knownRegions = (
				en,
			);
			mainGroup = B25D3CD51599171B00428A79;
			productRefGroup = B25D3CE11599171B00428A79 /* Products */;
			projectDirPath = "";
			projectRoot = "";
			targets = (
				B25D3CDF1599171B00428A79 /* TeapotExample */,
				3A1D0CBB15A70BB2003BAC0F /* BumpSphereExample */,
			);
		};
/* End PBXProject section */

/* Begin PBXResourcesBuildPhase section */
		3A1D0CF015A70BB2003BAC0F /* Resources */ = {
			isa = PBXResourcesBuildPhase;
			buildActionMask = 2147483647;
			files = (
				3A1D0D0615A70C05003BAC0F /* SphereViewController.xib in Resources */,
				3A1D0CF115A70BB2003BAC0F /* InfoPlist.strings in Resources */,
				3A1D0CF315A70BB2003BAC0F /* sVertexLighting.fsh in Resources */,
				3A1D0CF415A70BB2003BAC0F /* sVertexLighting.vsh in Resources */,
				3A1D0CF515A70BB2003BAC0F /* sFragmentLighting.fsh in Resources */,
				3A1D0CF615A70BB2003BAC0F /* sFragmentLighting.vsh in Resources */,
				3A1D0CFE15A70BE0003BAC0F /* sBumpSphere.fsh in Resources */,
				3A1D0CFF15A70BE2003BAC0F /* sBumpSphere.vsh in Resources */,
			);
			runOnlyForDeploymentPostprocessing = 0;
		};
		B25D3CDE1599171B00428A79 /* Resources */ = {
			isa = PBXResourcesBuildPhase;
			buildActionMask = 2147483647;
			files = (
				B25D3CEF1599171B00428A79 /* InfoPlist.strings in Resources */,
				B25D3D5F1599239600428A79 /* teapot.obj in Resources */,
				B25D3D8415992B5900428A79 /* sVertexLighting.fsh in Resources */,
				B25D3D8515992B5900428A79 /* sVertexLighting.vsh in Resources */,
				B25D2E601599CF62004CA9DE /* sFragmentLighting.fsh in Resources */,
				B25D2E611599CF62004CA9DE /* sFragmentLighting.vsh in Resources */,
				B25D2E631599D497004CA9DE /* teapot.mtl in Resources */,
			);
			runOnlyForDeploymentPostprocessing = 0;
		};
/* End PBXResourcesBuildPhase section */

/* Begin PBXSourcesBuildPhase section */
		3A1D0CBC15A70BB2003BAC0F /* Sources */ = {
			isa = PBXSourcesBuildPhase;
			buildActionMask = 2147483647;
			files = (
				3A1D0D0215A70BF8003BAC0F /* SphereViewController.h in Sources */,
				3A1D0CBD15A70BB2003BAC0F /* main.m in Sources */,
				3A1D0CC015A70BB2003BAC0F /* GLViewController.m in Sources */,
				3A1D0CE615A70BB2003BAC0F /* UIViewAdditions.m in Sources */,
				3A1D0CE715A70BB2003BAC0F /* UIImageAdditions.m in Sources */,
				3A1D0CE815A70BB2003BAC0F /* AngleUtil.m in Sources */,
				3A1D0D0015A70BF4003BAC0F /* BumpSphereAppDelegate.h in Sources */,
				3A1D0D0115A70BF6003BAC0F /* BumpSphereAppDelegate.m in Sources */,
				3A1D0D0315A70BFA003BAC0F /* SphereViewController.m in Sources */,
				3A1D0D0415A70BFB003BAC0F /* SphereNode.h in Sources */,
				3A1D0D0515A70BFD003BAC0F /* SphereNode.m in Sources */,
				3A5564D815A70E7D005B03F4 /* CC3Foundation.m in Sources */,
				3A5564DA15A70E7D005B03F4 /* CC3GLMatrix.m in Sources */,
				3A5564DC15A70E7D005B03F4 /* CC3Kazmath.c in Sources */,
				3A5564DE15A70E7D005B03F4 /* CC3Math.m in Sources */,
				3A5564E015A70E7D005B03F4 /* NSValue+CC3Types.m in Sources */,
				3A5564E215A70E7D005B03F4 /* REBuffer.m in Sources */,
				3A5564E415A70E7D005B03F4 /* RECache.m in Sources */,
				3A5564E615A70E7D005B03F4 /* RECamera.m in Sources */,
				3A5564E815A70E7D005B03F4 /* REDirector.m in Sources */,
				3A5564EA15A70E7D005B03F4 /* REGLStateManager.m in Sources */,
				3A5564EC15A70E7D005B03F4 /* REGLTypes.m in Sources */,
				3A5564EE15A70E7D005B03F4 /* REGLView.m in Sources */,
				3A5564F015A70E7D005B03F4 /* REKeyframedMeshNode.m in Sources */,
				3A5564F215A70E7D005B03F4 /* RELight.m in Sources */,
				3A5564F415A70E7D005B03F4 /* REMaterial.m in Sources */,
				3A5564F615A70E7D005B03F4 /* RENode.m in Sources */,
				3A5564F815A70E7D005B03F4 /* RENSArrayAdditions.m in Sources */,
				3A5564FA15A70E7D005B03F4 /* RENSValueAdditions.m in Sources */,
				3A5564FC15A70E7D005B03F4 /* REProgram.m in Sources */,
				3A5564FE15A70E7D005B03F4 /* RERotator.m in Sources */,
				3A55650015A70E7D005B03F4 /* REScene.m in Sources */,
				3A55650215A70E7D005B03F4 /* REScheduler.m in Sources */,
				3A55650415A70E7D005B03F4 /* REShader.m in Sources */,
				3A55650615A70E7D005B03F4 /* RESprite.m in Sources */,
				3A55650815A70E7D005B03F4 /* RESpriteBatchNode.m in Sources */,
				3A55650A15A70E7D005B03F4 /* RETexture.m in Sources */,
				3A55650C15A70E7D005B03F4 /* REVertexArrayObject.m in Sources */,
				3A55650E15A70E7D005B03F4 /* REWavefrontMesh.m in Sources */,
				3A55651015A70E7D005B03F4 /* REWavefrontMeshElementIndexBatch.m in Sources */,
				3A55651215A70E7D005B03F4 /* REWavefrontMeshGroupNode.m in Sources */,
				3A55651415A70E7D005B03F4 /* REWavefrontMeshNode.m in Sources */,
				3A55651615A70E7D005B03F4 /* REWorld.m in Sources */,
				3A55651D15A70E8B005B03F4 /* sRESprite.fsh in Sources */,
				3A55651F15A70E8B005B03F4 /* sRESprite.vsh in Sources */,
				3A55652115A70E8B005B03F4 /* sRESpriteBatch.fsh in Sources */,
				3A55652315A70E8B005B03F4 /* sRESpriteBatch.vsh in Sources */,
			);
			runOnlyForDeploymentPostprocessing = 0;
		};
		B25D3CDC1599171B00428A79 /* Sources */ = {
			isa = PBXSourcesBuildPhase;
			buildActionMask = 2147483647;
			files = (
				B25D3CF11599171B00428A79 /* main.m in Sources */,
				B25D3CF51599171B00428A79 /* TeapotAppDelegate.m in Sources */,
				B25D3D5C1599237700428A79 /* TeapotController.m in Sources */,
				B25D3D5815991DA200428A79 /* GLViewController.m in Sources */,
				B25D3D7D159928F200428A79 /* TeapotNode.m in Sources */,
				3A1237A215A7067500E404EA /* UIViewAdditions.m in Sources */,
				3A1237A315A7067500E404EA /* UIImageAdditions.m in Sources */,
				3A1237A715A7068B00E404EA /* AngleUtil.m in Sources */,
				3A5564D715A70E7D005B03F4 /* CC3Foundation.m in Sources */,
				3A5564D915A70E7D005B03F4 /* CC3GLMatrix.m in Sources */,
				3A5564DB15A70E7D005B03F4 /* CC3Kazmath.c in Sources */,
				3A5564DD15A70E7D005B03F4 /* CC3Math.m in Sources */,
				3A5564DF15A70E7D005B03F4 /* NSValue+CC3Types.m in Sources */,
				3A5564E115A70E7D005B03F4 /* REBuffer.m in Sources */,
				3A5564E315A70E7D005B03F4 /* RECache.m in Sources */,
				3A5564E515A70E7D005B03F4 /* RECamera.m in Sources */,
				3A5564E715A70E7D005B03F4 /* REDirector.m in Sources */,
				3A5564E915A70E7D005B03F4 /* REGLStateManager.m in Sources */,
				3A5564EB15A70E7D005B03F4 /* REGLTypes.m in Sources */,
				3A5564ED15A70E7D005B03F4 /* REGLView.m in Sources */,
				3A5564EF15A70E7D005B03F4 /* REKeyframedMeshNode.m in Sources */,
				3A5564F115A70E7D005B03F4 /* RELight.m in Sources */,
				3A5564F315A70E7D005B03F4 /* REMaterial.m in Sources */,
				3A5564F515A70E7D005B03F4 /* RENode.m in Sources */,
				3A5564F715A70E7D005B03F4 /* RENSArrayAdditions.m in Sources */,
				3A5564F915A70E7D005B03F4 /* RENSValueAdditions.m in Sources */,
				3A5564FB15A70E7D005B03F4 /* REProgram.m in Sources */,
				3A5564FD15A70E7D005B03F4 /* RERotator.m in Sources */,
				3A5564FF15A70E7D005B03F4 /* REScene.m in Sources */,
				3A55650115A70E7D005B03F4 /* REScheduler.m in Sources */,
				3A55650315A70E7D005B03F4 /* REShader.m in Sources */,
				3A55650515A70E7D005B03F4 /* RESprite.m in Sources */,
				3A55650715A70E7D005B03F4 /* RESpriteBatchNode.m in Sources */,
				3A55650915A70E7D005B03F4 /* RETexture.m in Sources */,
				3A55650B15A70E7D005B03F4 /* REVertexArrayObject.m in Sources */,
				3A55650D15A70E7D005B03F4 /* REWavefrontMesh.m in Sources */,
				3A55650F15A70E7D005B03F4 /* REWavefrontMeshElementIndexBatch.m in Sources */,
				3A55651115A70E7D005B03F4 /* REWavefrontMeshGroupNode.m in Sources */,
				3A55651315A70E7D005B03F4 /* REWavefrontMeshNode.m in Sources */,
				3A55651515A70E7D005B03F4 /* REWorld.m in Sources */,
				3A55651C15A70E8B005B03F4 /* sRESprite.fsh in Sources */,
				3A55651E15A70E8B005B03F4 /* sRESprite.vsh in Sources */,
				3A55652015A70E8B005B03F4 /* sRESpriteBatch.fsh in Sources */,
				3A55652215A70E8B005B03F4 /* sRESpriteBatch.vsh in Sources */,
			);
			runOnlyForDeploymentPostprocessing = 0;
		};
/* End PBXSourcesBuildPhase section */

/* Begin PBXVariantGroup section */
		B25D3CED1599171B00428A79 /* InfoPlist.strings */ = {
			isa = PBXVariantGroup;
			children = (
				B25D3CEE1599171B00428A79 /* en */,
			);
			name = InfoPlist.strings;
			sourceTree = "<group>";
		};
/* End PBXVariantGroup section */

/* Begin XCBuildConfiguration section */
		3A1D0CF915A70BB2003BAC0F /* Debug */ = {
			isa = XCBuildConfiguration;
			buildSettings = {
				GCC_PRECOMPILE_PREFIX_HEADER = YES;
				GCC_PREFIX_HEADER = "Rend Example Collection/Rend Example Collection-Prefix.pch";
				INFOPLIST_FILE = "Rend Example Collection/Rend Example Collection-Info.plist";
				PRODUCT_NAME = BumpSphereExample;
				WRAPPER_EXTENSION = app;
			};
			name = Debug;
		};
		3A1D0CFA15A70BB2003BAC0F /* Release */ = {
			isa = XCBuildConfiguration;
			buildSettings = {
				GCC_PRECOMPILE_PREFIX_HEADER = YES;
				GCC_PREFIX_HEADER = "Rend Example Collection/Rend Example Collection-Prefix.pch";
				INFOPLIST_FILE = "Rend Example Collection/Rend Example Collection-Info.plist";
				PRODUCT_NAME = BumpSphereExample;
				WRAPPER_EXTENSION = app;
			};
			name = Release;
		};
		B25D3CF61599171B00428A79 /* Debug */ = {
			isa = XCBuildConfiguration;
			buildSettings = {
				ALWAYS_SEARCH_USER_PATHS = NO;
				ARCHS = "$(ARCHS_STANDARD_32_BIT)";
				"CODE_SIGN_IDENTITY[sdk=iphoneos*]" = "iPhone Developer";
				COPY_PHASE_STRIP = NO;
				GCC_C_LANGUAGE_STANDARD = gnu99;
				GCC_DYNAMIC_NO_PIC = NO;
				GCC_OPTIMIZATION_LEVEL = 0;
				GCC_PREPROCESSOR_DEFINITIONS = (
					"DEBUG=1",
					"$(inherited)",
				);
				GCC_SYMBOLS_PRIVATE_EXTERN = NO;
				GCC_VERSION = com.apple.compilers.llvm.clang.1_0;
				GCC_WARN_ABOUT_RETURN_TYPE = YES;
				GCC_WARN_UNINITIALIZED_AUTOS = YES;
				GCC_WARN_UNUSED_VARIABLE = YES;
				IPHONEOS_DEPLOYMENT_TARGET = 5.1;
				SDKROOT = iphoneos;
			};
			name = Debug;
		};
		B25D3CF71599171B00428A79 /* Release */ = {
			isa = XCBuildConfiguration;
			buildSettings = {
				ALWAYS_SEARCH_USER_PATHS = NO;
				ARCHS = "$(ARCHS_STANDARD_32_BIT)";
				"CODE_SIGN_IDENTITY[sdk=iphoneos*]" = "iPhone Developer";
				COPY_PHASE_STRIP = YES;
				GCC_C_LANGUAGE_STANDARD = gnu99;
				GCC_VERSION = com.apple.compilers.llvm.clang.1_0;
				GCC_WARN_ABOUT_RETURN_TYPE = YES;
				GCC_WARN_UNINITIALIZED_AUTOS = YES;
				GCC_WARN_UNUSED_VARIABLE = YES;
				IPHONEOS_DEPLOYMENT_TARGET = 5.1;
				OTHER_CFLAGS = "-DNS_BLOCK_ASSERTIONS=1";
				SDKROOT = iphoneos;
				VALIDATE_PRODUCT = YES;
			};
			name = Release;
		};
		B25D3CF91599171B00428A79 /* Debug */ = {
			isa = XCBuildConfiguration;
			buildSettings = {
				GCC_PRECOMPILE_PREFIX_HEADER = YES;
				GCC_PREFIX_HEADER = "Rend Example Collection/Rend Example Collection-Prefix.pch";
				INFOPLIST_FILE = "Rend Example Collection/Rend Example Collection-Info.plist";
				PRODUCT_NAME = "$(TARGET_NAME)";
				WRAPPER_EXTENSION = app;
			};
			name = Debug;
		};
		B25D3CFA1599171B00428A79 /* Release */ = {
			isa = XCBuildConfiguration;
			buildSettings = {
				GCC_PRECOMPILE_PREFIX_HEADER = YES;
				GCC_PREFIX_HEADER = "Rend Example Collection/Rend Example Collection-Prefix.pch";
				INFOPLIST_FILE = "Rend Example Collection/Rend Example Collection-Info.plist";
				PRODUCT_NAME = "$(TARGET_NAME)";
				WRAPPER_EXTENSION = app;
			};
			name = Release;
		};
/* End XCBuildConfiguration section */

/* Begin XCConfigurationList section */
		3A1D0CF815A70BB2003BAC0F /* Build configuration list for PBXNativeTarget "BumpSphereExample" */ = {
			isa = XCConfigurationList;
			buildConfigurations = (
				3A1D0CF915A70BB2003BAC0F /* Debug */,
				3A1D0CFA15A70BB2003BAC0F /* Release */,
			);
			defaultConfigurationIsVisible = 0;
			defaultConfigurationName = Release;
		};
		B25D3CDA1599171B00428A79 /* Build configuration list for PBXProject "Rend Example Collection" */ = {
			isa = XCConfigurationList;
			buildConfigurations = (
				B25D3CF61599171B00428A79 /* Debug */,
				B25D3CF71599171B00428A79 /* Release */,
			);
			defaultConfigurationIsVisible = 0;
			defaultConfigurationName = Release;
		};
		B25D3CF81599171B00428A79 /* Build configuration list for PBXNativeTarget "TeapotExample" */ = {
			isa = XCConfigurationList;
			buildConfigurations = (
				B25D3CF91599171B00428A79 /* Debug */,
				B25D3CFA1599171B00428A79 /* Release */,
			);
			defaultConfigurationIsVisible = 0;
			defaultConfigurationName = Release;
		};
/* End XCConfigurationList section */
	};
	rootObject = B25D3CD71599171B00428A79 /* Project object */;
}
